github.com/aws/aws-sdk-go v1.49.19 h1:oZryiqeQpeJsIcAmZlp86duMu/s/DJ43qyfwa51qmLg=
github.com/aws/aws-sdk-go v1.49.19/go.mod h1:LF8svs817+Nz+DmiMQKTO3ubZ/6IaTpq3TjupRn3Eqk=
github.com/geektheripper/vast-dsn/utils v0.0.2 h1:M8w5lJjzPpvwWATFyQSjNIb7qU1gxR2hE2toE4hCCp8=
github.com/geektheripper/vast-dsn/utils v0.0.2/go.mod h1:L5JszDFH3ya4d/sXlsTw+yypGH0NDStUDYVRa3QToPY=
github.com/jmespath/go-jmespath v0.4.0 h1:BEgLn5cpjn8UN1mAw4NjwDrS35OdebyEtFe+9YPoQUg=
github.com/jmespath/go-jmespath v0.4.0/go.mod h1:T8mJZnbsbmF+m6zOOFylbeCJqk5+pHWvzYPziyZiYoo=
